
Microsoft Visual Studio Solution File, Format Version 12.00
# Visual Studio Version 16
VisualStudioVersion = 16.0.31410.223
MinimumVisualStudioVersion = 10.0.40219.1
Project("{9A19103F-16F7-4668-BE54-9A1E7A4F7556}") = "MusicPlayerOnline", "src\MusicPlayerOnline\MusicPlayerOnline.csproj", "{382866EB-3299-4174-A04F-32F0D19F02A1}"
EndProject
Project("{9A19103F-16F7-4668-BE54-9A1E7A4F7556}") = "MusicPlayerOnline.Network", "src\MusicPlayerOnline.Network\MusicPlayerOnline.Network.csproj", "{90CE433A-06B2-44A0-9B77-48673A8DE8C9}"
EndProject
Project("{9A19103F-16F7-4668-BE54-9A1E7A4F7556}") = "MusicPlayerOnline.Model", "src\MusicPlayerOnline.Model\MusicPlayerOnline.Model.csproj", "{63DBA9F5-D011-423E-9DD4-B276F86C6D6A}"
EndProject
Project("{9A19103F-16F7-4668-BE54-9A1E7A4F7556}") = "MusicPlayerOnline.Config", "src\MusicPlayerOnline.Config\MusicPlayerOnline.Config.csproj", "{E7AFC06F-BF12-45D1-B6B5-CC77006EA986}"
EndProject
Project("{9A19103F-16F7-4668-BE54-9A1E7A4F7556}") = "MusicPlayerOnlineApp", "src\MusicPlayerOnlineApp\MusicPlayerOnlineApp.csproj", "{CE5B86D4-DE7E-4FF7-B9ED-1C08237586C0}"
EndProject
Project("{FAE04EC0-301F-11D3-BF4B-00C04F79EFBC}") = "MusicPlayerOnlineApp.Android", "src\MusicPlayerOnlineApp.Android\MusicPlayerOnlineApp.Android.csproj", "{58040302-5E96-4F6A-BD8B-7B292670AD30}"
EndProject
Project("{9A19103F-16F7-4668-BE54-9A1E7A4F7556}") = "MusicPlayerOnline.Data", "src\MusicPlayerOnline.Data\MusicPlayerOnline.Data.csproj", "{744AC950-C368-4033-A85A-117E88B6B460}"
EndProject
Project("{9A19103F-16F7-4668-BE54-9A1E7A4F7556}") = "MusicPlayerOnline.Player", "src\MusicPlayerOnline.Player\MusicPlayerOnline.Player.csproj", "{B818851B-4AEE-44A9-A3BE-0BE4813010A5}"
EndProject
Project("{FAE04EC0-301F-11D3-BF4B-00C04F79EFBC}") = "MusicPlayerOnline.Service", "src\MusicPlayerOnline.Service\MusicPlayerOnline.Service.csproj", "{1140F6F2-A7F8-4E35-87F4-FDA940A71DA0}"
EndProject
Global
	GlobalSection(SolutionConfigurationPlatforms) = preSolution
		Debug|Any CPU = Debug|Any CPU
		Release|Any CPU = Release|Any CPU
	EndGlobalSection
	GlobalSection(ProjectConfigurationPlatforms) = postSolution
		{382866EB-3299-4174-A04F-32F0D19F02A1}.Debug|Any CPU.ActiveCfg = Debug|Any CPU
		{382866EB-3299-4174-A04F-32F0D19F02A1}.Debug|Any CPU.Build.0 = Debug|Any CPU
		{382866EB-3299-4174-A04F-32F0D19F02A1}.Release|Any CPU.ActiveCfg = Release|Any CPU
		{382866EB-3299-4174-A04F-32F0D19F02A1}.Release|Any CPU.Build.0 = Release|Any CPU
		{90CE433A-06B2-44A0-9B77-48673A8DE8C9}.Debug|Any CPU.ActiveCfg = Debug|Any CPU
		{90CE433A-06B2-44A0-9B77-48673A8DE8C9}.Debug|Any CPU.Build.0 = Debug|Any CPU
		{90CE433A-06B2-44A0-9B77-48673A8DE8C9}.Release|Any CPU.ActiveCfg = Release|Any CPU
		{90CE433A-06B2-44A0-9B77-48673A8DE8C9}.Release|Any CPU.Build.0 = Release|Any CPU
		{63DBA9F5-D011-423E-9DD4-B276F86C6D6A}.Debug|Any CPU.ActiveCfg = Debug|Any CPU
		{63DBA9F5-D011-423E-9DD4-B276F86C6D6A}.Debug|Any CPU.Build.0 = Debug|Any CPU
		{63DBA9F5-D011-423E-9DD4-B276F86C6D6A}.Release|Any CPU.ActiveCfg = Release|Any CPU
		{63DBA9F5-D011-423E-9DD4-B276F86C6D6A}.Release|Any CPU.Build.0 = Release|Any CPU
		{E7AFC06F-BF12-45D1-B6B5-CC77006EA986}.Debug|Any CPU.ActiveCfg = Debug|Any CPU
		{E7AFC06F-BF12-45D1-B6B5-CC77006EA986}.Debug|Any CPU.Build.0 = Debug|Any CPU
		{E7AFC06F-BF12-45D1-B6B5-CC77006EA986}.Release|Any CPU.ActiveCfg = Release|Any CPU
		{E7AFC06F-BF12-45D1-B6B5-CC77006EA986}.Release|Any CPU.Build.0 = Release|Any CPU
		{CE5B86D4-DE7E-4FF7-B9ED-1C08237586C0}.Debug|Any CPU.ActiveCfg = Debug|Any CPU
		{CE5B86D4-DE7E-4FF7-B9ED-1C08237586C0}.Debug|Any CPU.Build.0 = Debug|Any CPU
		{CE5B86D4-DE7E-4FF7-B9ED-1C08237586C0}.Release|Any CPU.ActiveCfg = Release|Any CPU
		{CE5B86D4-DE7E-4FF7-B9ED-1C08237586C0}.Release|Any CPU.Build.0 = Release|Any CPU
		{58040302-5E96-4F6A-BD8B-7B292670AD30}.Debug|Any CPU.ActiveCfg = Debug|Any CPU
		{58040302-5E96-4F6A-BD8B-7B292670AD30}.Debug|Any CPU.Build.0 = Debug|Any CPU
		{58040302-5E96-4F6A-BD8B-7B292670AD30}.Debug|Any CPU.Deploy.0 = Debug|Any CPU
		{58040302-5E96-4F6A-BD8B-7B292670AD30}.Release|Any CPU.ActiveCfg = Release|Any CPU
		{58040302-5E96-4F6A-BD8B-7B292670AD30}.Release|Any CPU.Build.0 = Release|Any CPU
		{58040302-5E96-4F6A-BD8B-7B292670AD30}.Release|Any CPU.Deploy.0 = Release|Any CPU
		{744AC950-C368-4033-A85A-117E88B6B460}.Debug|Any CPU.ActiveCfg = Debug|Any CPU
		{744AC950-C368-4033-A85A-117E88B6B460}.Debug|Any CPU.Build.0 = Debug|Any CPU
		{744AC950-C368-4033-A85A-117E88B6B460}.Release|Any CPU.ActiveCfg = Release|Any CPU
		{744AC950-C368-4033-A85A-117E88B6B460}.Release|Any CPU.Build.0 = Release|Any CPU
		{B818851B-4AEE-44A9-A3BE-0BE4813010A5}.Debug|Any CPU.ActiveCfg = Debug|Any CPU
		{B818851B-4AEE-44A9-A3BE-0BE4813010A5}.Debug|Any CPU.Build.0 = Debug|Any CPU
		{B818851B-4AEE-44A9-A3BE-0BE4813010A5}.Release|Any CPU.ActiveCfg = Release|Any CPU
		{B818851B-4AEE-44A9-A3BE-0BE4813010A5}.Release|Any CPU.Build.0 = Release|Any CPU
		{1140F6F2-A7F8-4E35-87F4-FDA940A71DA0}.Debug|Any CPU.ActiveCfg = Debug|Any CPU
		{1140F6F2-A7F8-4E35-87F4-FDA940A71DA0}.Debug|Any CPU.Build.0 = Debug|Any CPU
		{1140F6F2-A7F8-4E35-87F4-FDA940A71DA0}.Release|Any CPU.ActiveCfg = Release|Any CPU
		{1140F6F2-A7F8-4E35-87F4-FDA940A71DA0}.Release|Any CPU.Build.0 = Release|Any CPU
	EndGlobalSection
	GlobalSection(SolutionProperties) = preSolution
		HideSolutionNode = FALSE
	EndGlobalSection
	GlobalSection(ExtensibilityGlobals) = postSolution
		SolutionGuid = {08F3B45E-9B9D-4124-9BD9-0EE9C1E171BF}
	EndGlobalSection
EndGlobal
