
Microsoft Visual Studio Solution File, Format Version 12.00
# Visual Studio Version 16
VisualStudioVersion = 16.0.31410.223
MinimumVisualStudioVersion = 10.0.40219.1
Project("{9A19103F-16F7-4668-BE54-9A1E7A4F7556}") = "MusicPlayerOnline.Network", "src\MusicPlayerOnline.Network\MusicPlayerOnline.Network.csproj", "{90CE433A-06B2-44A0-9B77-48673A8DE8C9}"
EndProject
Project("{9A19103F-16F7-4668-BE54-9A1E7A4F7556}") = "MusicPlayerOnline.Model", "src\MusicPlayerOnline.Model\MusicPlayerOnline.Model.csproj", "{63DBA9F5-D011-423E-9DD4-B276F86C6D6A}"
EndProject
Project("{FAE04EC0-301F-11D3-BF4B-00C04F79EFBC}") = "MusicPlayerOnlineApp.Android", "src\MusicPlayerOnlineApp.Android\MusicPlayerOnlineApp.Android.csproj", "{58040302-5E96-4F6A-BD8B-7B292670AD30}"
EndProject
Project("{9A19103F-16F7-4668-BE54-9A1E7A4F7556}") = "MusicPlayerOnline.Data", "src\MusicPlayerOnline.Data\MusicPlayerOnline.Data.csproj", "{744AC950-C368-4033-A85A-117E88B6B460}"
EndProject
Project("{9A19103F-16F7-4668-BE54-9A1E7A4F7556}") = "MusicPlayerOnline.Service", "src\MusicPlayerOnline.Service\MusicPlayerOnline.Service.csproj", "{1140F6F2-A7F8-4E35-87F4-FDA940A71DA0}"
EndProject
Project("{9A19103F-16F7-4668-BE54-9A1E7A4F7556}") = "MusicPlayerOnline.Log", "src\MusicPlayerOnline.Log\MusicPlayerOnline.Log.csproj", "{E9257580-DA59-4AFF-ABAA-297C35E4BF4E}"
EndProject
Project("{9A19103F-16F7-4668-BE54-9A1E7A4F7556}") = "MusicPlayerOnline.Win", "src\MusicPlayerOnline.Win\MusicPlayerOnline.Win.csproj", "{B8E44552-D9C7-4572-A554-27EB5291A6D0}"
EndProject
Project("{9A19103F-16F7-4668-BE54-9A1E7A4F7556}") = "MusicPlayerOnlineApp", "src\MusicPlayerOnline.App\MusicPlayerOnlineApp.csproj", "{991A4DD9-9E05-462E-8F9A-62DD7584E636}"
EndProject
Global
	GlobalSection(SolutionConfigurationPlatforms) = preSolution
		Debug|Any CPU = Debug|Any CPU
		Release|Any CPU = Release|Any CPU
	EndGlobalSection
	GlobalSection(ProjectConfigurationPlatforms) = postSolution
		{90CE433A-06B2-44A0-9B77-48673A8DE8C9}.Debug|Any CPU.ActiveCfg = Debug|Any CPU
		{90CE433A-06B2-44A0-9B77-48673A8DE8C9}.Debug|Any CPU.Build.0 = Debug|Any CPU
		{90CE433A-06B2-44A0-9B77-48673A8DE8C9}.Release|Any CPU.ActiveCfg = Release|Any CPU
		{90CE433A-06B2-44A0-9B77-48673A8DE8C9}.Release|Any CPU.Build.0 = Release|Any CPU
		{63DBA9F5-D011-423E-9DD4-B276F86C6D6A}.Debug|Any CPU.ActiveCfg = Debug|Any CPU
		{63DBA9F5-D011-423E-9DD4-B276F86C6D6A}.Debug|Any CPU.Build.0 = Debug|Any CPU
		{63DBA9F5-D011-423E-9DD4-B276F86C6D6A}.Release|Any CPU.ActiveCfg = Release|Any CPU
		{63DBA9F5-D011-423E-9DD4-B276F86C6D6A}.Release|Any CPU.Build.0 = Release|Any CPU
		{58040302-5E96-4F6A-BD8B-7B292670AD30}.Debug|Any CPU.ActiveCfg = Debug|Any CPU
		{58040302-5E96-4F6A-BD8B-7B292670AD30}.Debug|Any CPU.Build.0 = Debug|Any CPU
		{58040302-5E96-4F6A-BD8B-7B292670AD30}.Debug|Any CPU.Deploy.0 = Debug|Any CPU
		{58040302-5E96-4F6A-BD8B-7B292670AD30}.Release|Any CPU.ActiveCfg = Release|Any CPU
		{58040302-5E96-4F6A-BD8B-7B292670AD30}.Release|Any CPU.Build.0 = Release|Any CPU
		{58040302-5E96-4F6A-BD8B-7B292670AD30}.Release|Any CPU.Deploy.0 = Release|Any CPU
		{744AC950-C368-4033-A85A-117E88B6B460}.Debug|Any CPU.ActiveCfg = Debug|Any CPU
		{744AC950-C368-4033-A85A-117E88B6B460}.Debug|Any CPU.Build.0 = Debug|Any CPU
		{744AC950-C368-4033-A85A-117E88B6B460}.Release|Any CPU.ActiveCfg = Release|Any CPU
		{744AC950-C368-4033-A85A-117E88B6B460}.Release|Any CPU.Build.0 = Release|Any CPU
		{1140F6F2-A7F8-4E35-87F4-FDA940A71DA0}.Debug|Any CPU.ActiveCfg = Debug|Any CPU
		{1140F6F2-A7F8-4E35-87F4-FDA940A71DA0}.Debug|Any CPU.Build.0 = Debug|Any CPU
		{1140F6F2-A7F8-4E35-87F4-FDA940A71DA0}.Release|Any CPU.ActiveCfg = Release|Any CPU
		{1140F6F2-A7F8-4E35-87F4-FDA940A71DA0}.Release|Any CPU.Build.0 = Release|Any CPU
		{E9257580-DA59-4AFF-ABAA-297C35E4BF4E}.Debug|Any CPU.ActiveCfg = Debug|Any CPU
		{E9257580-DA59-4AFF-ABAA-297C35E4BF4E}.Debug|Any CPU.Build.0 = Debug|Any CPU
		{E9257580-DA59-4AFF-ABAA-297C35E4BF4E}.Release|Any CPU.ActiveCfg = Release|Any CPU
		{E9257580-DA59-4AFF-ABAA-297C35E4BF4E}.Release|Any CPU.Build.0 = Release|Any CPU
		{B8E44552-D9C7-4572-A554-27EB5291A6D0}.Debug|Any CPU.ActiveCfg = Debug|Any CPU
		{B8E44552-D9C7-4572-A554-27EB5291A6D0}.Debug|Any CPU.Build.0 = Debug|Any CPU
		{B8E44552-D9C7-4572-A554-27EB5291A6D0}.Release|Any CPU.ActiveCfg = Release|Any CPU
		{B8E44552-D9C7-4572-A554-27EB5291A6D0}.Release|Any CPU.Build.0 = Release|Any CPU
		{991A4DD9-9E05-462E-8F9A-62DD7584E636}.Debug|Any CPU.ActiveCfg = Debug|Any CPU
		{991A4DD9-9E05-462E-8F9A-62DD7584E636}.Debug|Any CPU.Build.0 = Debug|Any CPU
		{991A4DD9-9E05-462E-8F9A-62DD7584E636}.Release|Any CPU.ActiveCfg = Release|Any CPU
		{991A4DD9-9E05-462E-8F9A-62DD7584E636}.Release|Any CPU.Build.0 = Release|Any CPU
	EndGlobalSection
	GlobalSection(SolutionProperties) = preSolution
		HideSolutionNode = FALSE
	EndGlobalSection
	GlobalSection(ExtensibilityGlobals) = postSolution
		SolutionGuid = {08F3B45E-9B9D-4124-9BD9-0EE9C1E171BF}
	EndGlobalSection
EndGlobal
